// !$*UTF8*$!
{
	archiveVersion = 1;
	classes = {
	};
	objectVersion = 50;
	objects = {

/* Begin PBXBuildFile section */
		88B6C5842466D8970031D87A /* AppDelegate.swift in Sources */ = {isa = PBXBuildFile; fileRef = 88B6C5832466D8970031D87A /* AppDelegate.swift */; };
		88B6C5862466D8970031D87A /* SceneDelegate.swift in Sources */ = {isa = PBXBuildFile; fileRef = 88B6C5852466D8970031D87A /* SceneDelegate.swift */; };
		88B6C58B2466D8980031D87A /* Main.storyboard in Resources */ = {isa = PBXBuildFile; fileRef = 88B6C5892466D8980031D87A /* Main.storyboard */; };
		88B6C58D2466D8980031D87A /* Assets.xcassets in Resources */ = {isa = PBXBuildFile; fileRef = 88B6C58C2466D8980031D87A /* Assets.xcassets */; };
		88B6C5902466D8980031D87A /* LaunchScreen.storyboard in Resources */ = {isa = PBXBuildFile; fileRef = 88B6C58E2466D8980031D87A /* LaunchScreen.storyboard */; };
		88FDC26C246EB81500FD4351 /* ApiService.swift in Sources */ = {isa = PBXBuildFile; fileRef = 88FDC269246EB81500FD4351 /* ApiService.swift */; };
		88FDC26D246EB81500FD4351 /* ApiExtensions.swift in Sources */ = {isa = PBXBuildFile; fileRef = 88FDC26A246EB81500FD4351 /* ApiExtensions.swift */; };
		88FDC26E246EB81500FD4351 /* ApiUrls.swift in Sources */ = {isa = PBXBuildFile; fileRef = 88FDC26B246EB81500FD4351 /* ApiUrls.swift */; };
		88FDC270246EB87300FD4351 /* GithubApiTabbarController.swift in Sources */ = {isa = PBXBuildFile; fileRef = 88FDC26F246EB87300FD4351 /* GithubApiTabbarController.swift */; };
		88FDC273246EB90000FD4351 /* SearchApiResponse.swift in Sources */ = {isa = PBXBuildFile; fileRef = 88FDC272246EB90000FD4351 /* SearchApiResponse.swift */; };
		8AA833622466DB3C0042C441 /* GithubSearchViewController.swift in Sources */ = {isa = PBXBuildFile; fileRef = 8AA833612466DB3C0042C441 /* GithubSearchViewController.swift */; };
		8AA833642466DB660042C441 /* GithubSearchPresenter.swift in Sources */ = {isa = PBXBuildFile; fileRef = 8AA833632466DB660042C441 /* GithubSearchPresenter.swift */; };
		8AA833662466DB950042C441 /* GithubSearchInteractor.swift in Sources */ = {isa = PBXBuildFile; fileRef = 8AA833652466DB950042C441 /* GithubSearchInteractor.swift */; };
		8AA833682466DBA50042C441 /* GithubSearchRouter.swift in Sources */ = {isa = PBXBuildFile; fileRef = 8AA833672466DBA50042C441 /* GithubSearchRouter.swift */; };
		97C4972024AF9A710053D165 /* SearchResultData.swift in Sources */ = {isa = PBXBuildFile; fileRef = 97C4971F24AF9A710053D165 /* SearchResultData.swift */; };
/* End PBXBuildFile section */

/* Begin PBXFileReference section */
		88B6C5802466D8970031D87A /* GithubApiWithVIPER.app */ = {isa = PBXFileReference; explicitFileType = wrapper.application; includeInIndex = 0; path = GithubApiWithVIPER.app; sourceTree = BUILT_PRODUCTS_DIR; };
		88B6C5832466D8970031D87A /* AppDelegate.swift */ = {isa = PBXFileReference; lastKnownFileType = sourcecode.swift; path = AppDelegate.swift; sourceTree = "<group>"; };
		88B6C5852466D8970031D87A /* SceneDelegate.swift */ = {isa = PBXFileReference; lastKnownFileType = sourcecode.swift; path = SceneDelegate.swift; sourceTree = "<group>"; };
		88B6C58A2466D8980031D87A /* Base */ = {isa = PBXFileReference; lastKnownFileType = file.storyboard; name = Base; path = Base.lproj/Main.storyboard; sourceTree = "<group>"; };
		88B6C58C2466D8980031D87A /* Assets.xcassets */ = {isa = PBXFileReference; lastKnownFileType = folder.assetcatalog; path = Assets.xcassets; sourceTree = "<group>"; };
		88B6C58F2466D8980031D87A /* Base */ = {isa = PBXFileReference; lastKnownFileType = file.storyboard; name = Base; path = Base.lproj/LaunchScreen.storyboard; sourceTree = "<group>"; };
		88B6C5912466D8980031D87A /* Info.plist */ = {isa = PBXFileReference; lastKnownFileType = text.plist.xml; path = Info.plist; sourceTree = "<group>"; };
		88FDC269246EB81500FD4351 /* ApiService.swift */ = {isa = PBXFileReference; fileEncoding = 4; lastKnownFileType = sourcecode.swift; path = ApiService.swift; sourceTree = "<group>"; };
		88FDC26A246EB81500FD4351 /* ApiExtensions.swift */ = {isa = PBXFileReference; fileEncoding = 4; lastKnownFileType = sourcecode.swift; path = ApiExtensions.swift; sourceTree = "<group>"; };
		88FDC26B246EB81500FD4351 /* ApiUrls.swift */ = {isa = PBXFileReference; fileEncoding = 4; lastKnownFileType = sourcecode.swift; path = ApiUrls.swift; sourceTree = "<group>"; };
		88FDC26F246EB87300FD4351 /* GithubApiTabbarController.swift */ = {isa = PBXFileReference; fileEncoding = 4; lastKnownFileType = sourcecode.swift; path = GithubApiTabbarController.swift; sourceTree = "<group>"; };
		88FDC272246EB90000FD4351 /* SearchApiResponse.swift */ = {isa = PBXFileReference; fileEncoding = 4; lastKnownFileType = sourcecode.swift; path = SearchApiResponse.swift; sourceTree = "<group>"; };
		8AA833612466DB3C0042C441 /* GithubSearchViewController.swift */ = {isa = PBXFileReference; lastKnownFileType = sourcecode.swift; path = GithubSearchViewController.swift; sourceTree = "<group>"; };
		8AA833632466DB660042C441 /* GithubSearchPresenter.swift */ = {isa = PBXFileReference; lastKnownFileType = sourcecode.swift; path = GithubSearchPresenter.swift; sourceTree = "<group>"; };
		8AA833652466DB950042C441 /* GithubSearchInteractor.swift */ = {isa = PBXFileReference; lastKnownFileType = sourcecode.swift; path = GithubSearchInteractor.swift; sourceTree = "<group>"; };
		8AA833672466DBA50042C441 /* GithubSearchRouter.swift */ = {isa = PBXFileReference; lastKnownFileType = sourcecode.swift; path = GithubSearchRouter.swift; sourceTree = "<group>"; };
		97C4971F24AF9A710053D165 /* SearchResultData.swift */ = {isa = PBXFileReference; lastKnownFileType = sourcecode.swift; path = SearchResultData.swift; sourceTree = "<group>"; };
/* End PBXFileReference section */

/* Begin PBXFrameworksBuildPhase section */
		88B6C57D2466D8970031D87A /* Frameworks */ = {
			isa = PBXFrameworksBuildPhase;
			buildActionMask = 2147483647;
			files = (
			);
			runOnlyForDeploymentPostprocessing = 0;
		};
/* End PBXFrameworksBuildPhase section */

/* Begin PBXGroup section */
		88B6C5772466D8970031D87A = {
			isa = PBXGroup;
			children = (
				88B6C5822466D8970031D87A /* GithubApiWithVIPER */,
				88B6C5812466D8970031D87A /* Products */,
			);
			sourceTree = "<group>";
		};
		88B6C5812466D8970031D87A /* Products */ = {
			isa = PBXGroup;
			children = (
				88B6C5802466D8970031D87A /* GithubApiWithVIPER.app */,
			);
			name = Products;
			sourceTree = "<group>";
		};
		88B6C5822466D8970031D87A /* GithubApiWithVIPER */ = {
			isa = PBXGroup;
			children = (
				88FDC268246EB80400FD4351 /* API */,
				8AA8335F2466DADB0042C441 /* module */,
				88B6C5832466D8970031D87A /* AppDelegate.swift */,
				88B6C5852466D8970031D87A /* SceneDelegate.swift */,
				88FDC26F246EB87300FD4351 /* GithubApiTabbarController.swift */,
				88B6C5892466D8980031D87A /* Main.storyboard */,
				88B6C58C2466D8980031D87A /* Assets.xcassets */,
				88B6C58E2466D8980031D87A /* LaunchScreen.storyboard */,
				88B6C5912466D8980031D87A /* Info.plist */,
			);
			path = GithubApiWithVIPER;
			sourceTree = "<group>";
		};
		88FDC268246EB80400FD4351 /* API */ = {
			isa = PBXGroup;
			children = (
				88FDC26A246EB81500FD4351 /* ApiExtensions.swift */,
				88FDC269246EB81500FD4351 /* ApiService.swift */,
				88FDC26B246EB81500FD4351 /* ApiUrls.swift */,
			);
			path = API;
			sourceTree = "<group>";
		};
		88FDC271246EB8F000FD4351 /* DTO */ = {
			isa = PBXGroup;
			children = (
				88FDC272246EB90000FD4351 /* SearchApiResponse.swift */,
				97C4971F24AF9A710053D165 /* SearchResultData.swift */,
			);
			path = DTO;
			sourceTree = "<group>";
		};
		8AA8335F2466DADB0042C441 /* module */ = {
			isa = PBXGroup;
			children = (
				8AA833602466DB0C0042C441 /* search */,
			);
			path = module;
			sourceTree = "<group>";
		};
		8AA833602466DB0C0042C441 /* search */ = {
			isa = PBXGroup;
			children = (
				88FDC271246EB8F000FD4351 /* DTO */,
				8AA833612466DB3C0042C441 /* GithubSearchViewController.swift */,
				8AA833632466DB660042C441 /* GithubSearchPresenter.swift */,
				8AA833652466DB950042C441 /* GithubSearchInteractor.swift */,
				8AA833672466DBA50042C441 /* GithubSearchRouter.swift */,
			);
			path = search;
			sourceTree = "<group>";
		};
/* End PBXGroup section */

/* Begin PBXNativeTarget section */
		88B6C57F2466D8970031D87A /* GithubApiWithVIPER */ = {
			isa = PBXNativeTarget;
			buildConfigurationList = 88B6C5942466D8980031D87A /* Build configuration list for PBXNativeTarget "GithubApiWithVIPER" */;
			buildPhases = (
				88B6C57C2466D8970031D87A /* Sources */,
				88B6C57D2466D8970031D87A /* Frameworks */,
				88B6C57E2466D8970031D87A /* Resources */,
			);
			buildRules = (
			);
			dependencies = (
			);
			name = GithubApiWithVIPER;
			productName = GithubApiWithVIPER;
			productReference = 88B6C5802466D8970031D87A /* GithubApiWithVIPER.app */;
			productType = "com.apple.product-type.application";
		};
/* End PBXNativeTarget section */

/* Begin PBXProject section */
		88B6C5782466D8970031D87A /* Project object */ = {
			isa = PBXProject;
			attributes = {
				LastSwiftUpdateCheck = 1140;
				LastUpgradeCheck = 1140;
				ORGANIZATIONNAME = "Yusuf Özgül";
				TargetAttributes = {
					88B6C57F2466D8970031D87A = {
						CreatedOnToolsVersion = 11.4.1;
					};
				};
			};
			buildConfigurationList = 88B6C57B2466D8970031D87A /* Build configuration list for PBXProject "GithubApiWithVIPER" */;
			compatibilityVersion = "Xcode 9.3";
			developmentRegion = en;
			hasScannedForEncodings = 0;
			knownRegions = (
				en,
				Base,
			);
			mainGroup = 88B6C5772466D8970031D87A;
			productRefGroup = 88B6C5812466D8970031D87A /* Products */;
			projectDirPath = "";
			projectRoot = "";
			targets = (
				88B6C57F2466D8970031D87A /* GithubApiWithVIPER */,
			);
		};
/* End PBXProject section */

/* Begin PBXResourcesBuildPhase section */
		88B6C57E2466D8970031D87A /* Resources */ = {
			isa = PBXResourcesBuildPhase;
			buildActionMask = 2147483647;
			files = (
				88B6C5902466D8980031D87A /* LaunchScreen.storyboard in Resources */,
				88B6C58D2466D8980031D87A /* Assets.xcassets in Resources */,
				88B6C58B2466D8980031D87A /* Main.storyboard in Resources */,
			);
			runOnlyForDeploymentPostprocessing = 0;
		};
/* End PBXResourcesBuildPhase section */

/* Begin PBXSourcesBuildPhase section */
		88B6C57C2466D8970031D87A /* Sources */ = {
			isa = PBXSourcesBuildPhase;
			buildActionMask = 2147483647;
			files = (
				88FDC26D246EB81500FD4351 /* ApiExtensions.swift in Sources */,
				88FDC270246EB87300FD4351 /* GithubApiTabbarController.swift in Sources */,
				88FDC273246EB90000FD4351 /* SearchApiResponse.swift in Sources */,
				8AA833662466DB950042C441 /* GithubSearchInteractor.swift in Sources */,
				97C4972024AF9A710053D165 /* SearchResultData.swift in Sources */,
				88B6C5842466D8970031D87A /* AppDelegate.swift in Sources */,
				8AA833622466DB3C0042C441 /* GithubSearchViewController.swift in Sources */,
				88FDC26E246EB81500FD4351 /* ApiUrls.swift in Sources */,
				8AA833642466DB660042C441 /* GithubSearchPresenter.swift in Sources */,
				8AA833682466DBA50042C441 /* GithubSearchRouter.swift in Sources */,
				88FDC26C246EB81500FD4351 /* ApiService.swift in Sources */,
				88B6C5862466D8970031D87A /* SceneDelegate.swift in Sources */,
			);
			runOnlyForDeploymentPostprocessing = 0;
		};
/* End PBXSourcesBuildPhase section */

/* Begin PBXVariantGroup section */
		88B6C5892466D8980031D87A /* Main.storyboard */ = {
			isa = PBXVariantGroup;
			children = (
				88B6C58A2466D8980031D87A /* Base */,
			);
			name = Main.storyboard;
			sourceTree = "<group>";
		};
		88B6C58E2466D8980031D87A /* LaunchScreen.storyboard */ = {
			isa = PBXVariantGroup;
			children = (
				88B6C58F2466D8980031D87A /* Base */,
			);
			name = LaunchScreen.storyboard;
			sourceTree = "<group>";
		};
/* End PBXVariantGroup section */

/* Begin XCBuildConfiguration section */
		88B6C5922466D8980031D87A /* Debug */ = {
			isa = XCBuildConfiguration;
			buildSettings = {
				ALWAYS_SEARCH_USER_PATHS = NO;
				CLANG_ANALYZER_NONNULL = YES;
				CLANG_ANALYZER_NUMBER_OBJECT_CONVERSION = YES_AGGRESSIVE;
				CLANG_CXX_LANGUAGE_STANDARD = "gnu++14";
				CLANG_CXX_LIBRARY = "libc++";
				CLANG_ENABLE_MODULES = YES;
				CLANG_ENABLE_OBJC_ARC = YES;
				CLANG_ENABLE_OBJC_WEAK = YES;
				CLANG_WARN_BLOCK_CAPTURE_AUTORELEASING = YES;
				CLANG_WARN_BOOL_CONVERSION = YES;
				CLANG_WARN_COMMA = YES;
				CLANG_WARN_CONSTANT_CONVERSION = YES;
				CLANG_WARN_DEPRECATED_OBJC_IMPLEMENTATIONS = YES;
				CLANG_WARN_DIRECT_OBJC_ISA_USAGE = YES_ERROR;
				CLANG_WARN_DOCUMENTATION_COMMENTS = YES;
				CLANG_WARN_EMPTY_BODY = YES;
				CLANG_WARN_ENUM_CONVERSION = YES;
				CLANG_WARN_INFINITE_RECURSION = YES;
				CLANG_WARN_INT_CONVERSION = YES;
				CLANG_WARN_NON_LITERAL_NULL_CONVERSION = YES;
				CLANG_WARN_OBJC_IMPLICIT_RETAIN_SELF = YES;
				CLANG_WARN_OBJC_LITERAL_CONVERSION = YES;
				CLANG_WARN_OBJC_ROOT_CLASS = YES_ERROR;
				CLANG_WARN_RANGE_LOOP_ANALYSIS = YES;
				CLANG_WARN_STRICT_PROTOTYPES = YES;
				CLANG_WARN_SUSPICIOUS_MOVE = YES;
				CLANG_WARN_UNGUARDED_AVAILABILITY = YES_AGGRESSIVE;
				CLANG_WARN_UNREACHABLE_CODE = YES;
				CLANG_WARN__DUPLICATE_METHOD_MATCH = YES;
				COPY_PHASE_STRIP = NO;
				DEBUG_INFORMATION_FORMAT = dwarf;
				ENABLE_STRICT_OBJC_MSGSEND = YES;
				ENABLE_TESTABILITY = YES;
				GCC_C_LANGUAGE_STANDARD = gnu11;
				GCC_DYNAMIC_NO_PIC = NO;
				GCC_NO_COMMON_BLOCKS = YES;
				GCC_OPTIMIZATION_LEVEL = 0;
				GCC_PREPROCESSOR_DEFINITIONS = (
					"DEBUG=1",
					"$(inherited)",
				);
				GCC_WARN_64_TO_32_BIT_CONVERSION = YES;
				GCC_WARN_ABOUT_RETURN_TYPE = YES_ERROR;
				GCC_WARN_UNDECLARED_SELECTOR = YES;
				GCC_WARN_UNINITIALIZED_AUTOS = YES_AGGRESSIVE;
				GCC_WARN_UNUSED_FUNCTION = YES;
				GCC_WARN_UNUSED_VARIABLE = YES;
				IPHONEOS_DEPLOYMENT_TARGET = 13.4;
				MTL_ENABLE_DEBUG_INFO = INCLUDE_SOURCE;
				MTL_FAST_MATH = YES;
				ONLY_ACTIVE_ARCH = YES;
				SDKROOT = iphoneos;
				SWIFT_ACTIVE_COMPILATION_CONDITIONS = DEBUG;
				SWIFT_OPTIMIZATION_LEVEL = "-Onone";
			};
			name = Debug;
		};
		88B6C5932466D8980031D87A /* Release */ = {
			isa = XCBuildConfiguration;
			buildSettings = {
				ALWAYS_SEARCH_USER_PATHS = NO;
				CLANG_ANALYZER_NONNULL = YES;
				CLANG_ANALYZER_NUMBER_OBJECT_CONVERSION = YES_AGGRESSIVE;
				CLANG_CXX_LANGUAGE_STANDARD = "gnu++14";
				CLANG_CXX_LIBRARY = "libc++";
				CLANG_ENABLE_MODULES = YES;
				CLANG_ENABLE_OBJC_ARC = YES;
				CLANG_ENABLE_OBJC_WEAK = YES;
				CLANG_WARN_BLOCK_CAPTURE_AUTORELEASING = YES;
				CLANG_WARN_BOOL_CONVERSION = YES;
				CLANG_WARN_COMMA = YES;
				CLANG_WARN_CONSTANT_CONVERSION = YES;
				CLANG_WARN_DEPRECATED_OBJC_IMPLEMENTATIONS = YES;
				CLANG_WARN_DIRECT_OBJC_ISA_USAGE = YES_ERROR;
				CLANG_WARN_DOCUMENTATION_COMMENTS = YES;
				CLANG_WARN_EMPTY_BODY = YES;
				CLANG_WARN_ENUM_CONVERSION = YES;
				CLANG_WARN_INFINITE_RECURSION = YES;
				CLANG_WARN_INT_CONVERSION = YES;
				CLANG_WARN_NON_LITERAL_NULL_CONVERSION = YES;
				CLANG_WARN_OBJC_IMPLICIT_RETAIN_SELF = YES;
				CLANG_WARN_OBJC_LITERAL_CONVERSION = YES;
				CLANG_WARN_OBJC_ROOT_CLASS = YES_ERROR;
				CLANG_WARN_RANGE_LOOP_ANALYSIS = YES;
				CLANG_WARN_STRICT_PROTOTYPES = YES;
				CLANG_WARN_SUSPICIOUS_MOVE = YES;
				CLANG_WARN_UNGUARDED_AVAILABILITY = YES_AGGRESSIVE;
				CLANG_WARN_UNREACHABLE_CODE = YES;
				CLANG_WARN__DUPLICATE_METHOD_MATCH = YES;
				COPY_PHASE_STRIP = NO;
				DEBUG_INFORMATION_FORMAT = "dwarf-with-dsym";
				ENABLE_NS_ASSERTIONS = NO;
				ENABLE_STRICT_OBJC_MSGSEND = YES;
				GCC_C_LANGUAGE_STANDARD = gnu11;
				GCC_NO_COMMON_BLOCKS = YES;
				GCC_WARN_64_TO_32_BIT_CONVERSION = YES;
				GCC_WARN_ABOUT_RETURN_TYPE = YES_ERROR;
				GCC_WARN_UNDECLARED_SELECTOR = YES;
				GCC_WARN_UNINITIALIZED_AUTOS = YES_AGGRESSIVE;
				GCC_WARN_UNUSED_FUNCTION = YES;
				GCC_WARN_UNUSED_VARIABLE = YES;
				IPHONEOS_DEPLOYMENT_TARGET = 13.4;
				MTL_ENABLE_DEBUG_INFO = NO;
				MTL_FAST_MATH = YES;
				SDKROOT = iphoneos;
				SWIFT_COMPILATION_MODE = wholemodule;
				SWIFT_OPTIMIZATION_LEVEL = "-O";
				VALIDATE_PRODUCT = YES;
			};
			name = Release;
		};
		88B6C5952466D8980031D87A /* Debug */ = {
			isa = XCBuildConfiguration;
			buildSettings = {
				ASSETCATALOG_COMPILER_APPICON_NAME = AppIcon;
				CODE_SIGN_STYLE = Automatic;
				DEVELOPMENT_TEAM = "";
				INFOPLIST_FILE = GithubApiWithVIPER/Info.plist;
				IPHONEOS_DEPLOYMENT_TARGET = 14.0;
				LD_RUNPATH_SEARCH_PATHS = (
					"$(inherited)",
					"@executable_path/Frameworks",
				);
				PRODUCT_BUNDLE_IDENTIFIER = "com.yusufozgul.GithubApiWithVIPER-";
				PRODUCT_NAME = "$(TARGET_NAME)";
				SWIFT_VERSION = 5.0;
				TARGETED_DEVICE_FAMILY = "1,2";
			};
			name = Debug;
		};
		88B6C5962466D8980031D87A /* Release */ = {
			isa = XCBuildConfiguration;
			buildSettings = {
				ASSETCATALOG_COMPILER_APPICON_NAME = AppIcon;
				CODE_SIGN_STYLE = Automatic;
				DEVELOPMENT_TEAM = "";
				INFOPLIST_FILE = GithubApiWithVIPER/Info.plist;
				IPHONEOS_DEPLOYMENT_TARGET = 14.0;
				LD_RUNPATH_SEARCH_PATHS = (
					"$(inherited)",
					"@executable_path/Frameworks",
				);
				PRODUCT_BUNDLE_IDENTIFIER = com.yusufozgul.GithubApiWithVIPER;
				PRODUCT_NAME = "$(TARGET_NAME)";
				SWIFT_VERSION = 5.0;
				TARGETED_DEVICE_FAMILY = "1,2";
			};
			name = Release;
		};
/* End XCBuildConfiguration section */

/* Begin XCConfigurationList section */
		88B6C57B2466D8970031D87A /* Build configuration list for PBXProject "GithubApiWithVIPER" */ = {
			isa = XCConfigurationList;
			buildConfigurations = (
				88B6C5922466D8980031D87A /* Debug */,
				88B6C5932466D8980031D87A /* Release */,
			);
			defaultConfigurationIsVisible = 0;
			defaultConfigurationName = Release;
		};
		88B6C5942466D8980031D87A /* Build configuration list for PBXNativeTarget "GithubApiWithVIPER" */ = {
			isa = XCConfigurationList;
			buildConfigurations = (
				88B6C5952466D8980031D87A /* Debug */,
				88B6C5962466D8980031D87A /* Release */,
			);
			defaultConfigurationIsVisible = 0;
			defaultConfigurationName = Release;
		};
/* End XCConfigurationList section */
	};
	rootObject = 88B6C5782466D8970031D87A /* Project object */;
}
